// !$*UTF8*$!
{
	archiveVersion = 1;
	classes = {
	};
	objectVersion = 77;
	objects = {

/* Begin PBXBuildFile section */
		072989749F1A4B46A03487AF /* TimetableViewModel.swift in Sources */ = {isa = PBXBuildFile; fileRef = CCAC849C267BBD90D918E7D9 /* TimetableViewModel.swift */; };
		09EA7924857FDE70EB0BAB98 /* SavedTrip.swift in Sources */ = {isa = PBXBuildFile; fileRef = D021E21156BE55E9A05F1253 /* SavedTrip.swift */; };
		1292344FD05254F9ED242E5B /* Sparkle in Frameworks */ = {isa = PBXBuildFile; productRef = 206819DA78CC06F56D72F161 /* Sparkle */; };
		14A7A5B1A768110ED5F5D539 /* TripCreationViewModel.swift in Sources */ = {isa = PBXBuildFile; fileRef = 0FECBA7D98D5022744CF5452 /* TripCreationViewModel.swift */; };
		165642C018B707581954B5C7 /* AllAboardApp.swift in Sources */ = {isa = PBXBuildFile; fileRef = BBB92BD04760D201F400B8E5 /* AllAboardApp.swift */; };
		166A7BCDCD34D535B4EFB559 /* SavedTrip.swift in Sources */ = {isa = PBXBuildFile; fileRef = D021E21156BE55E9A05F1253 /* SavedTrip.swift */; };
		1A6FF4B853B7531FDECCCDF9 /* Assets.xcassets in Resources */ = {isa = PBXBuildFile; fileRef = F6ADA024A62CE2B81A9CDEFD /* Assets.xcassets */; };
		20D911C1A9BD13C51719290F /* AllAboardWidgetsBundle.swift in Sources */ = {isa = PBXBuildFile; fileRef = 37EAA8C5FA271FC78721FA01 /* AllAboardWidgetsBundle.swift */; };
		28148F091D3B83BCF9FB05AF /* AllAboardiOSApp.swift in Sources */ = {isa = PBXBuildFile; fileRef = 75125C4FAE0E47F339C1653E /* AllAboardiOSApp.swift */; };
		2CA7694A316C0292D9D85A18 /* SharedDefaults.swift in Sources */ = {isa = PBXBuildFile; fileRef = CD208B55C18892F35F8EE859 /* SharedDefaults.swift */; };
		3D440762EB63242BA7110BA6 /* StopSearchScreen.swift in Sources */ = {isa = PBXBuildFile; fileRef = B9209059B5C915FC559C4D75 /* StopSearchScreen.swift */; };
		3DD2AD1F232876074912463E /* TransportMode.swift in Sources */ = {isa = PBXBuildFile; fileRef = A7E4414431597546BBBC0F46 /* TransportMode.swift */; };
		46821C70F5C77DC2FCF4273B /* SignInView.swift in Sources */ = {isa = PBXBuildFile; fileRef = E0BC66E1F2DA02067FAFD4E2 /* SignInView.swift */; };
		469B06078DF4065107D9DC05 /* TripStore.swift in Sources */ = {isa = PBXBuildFile; fileRef = 8C6049F044EF96494F70E42A /* TripStore.swift */; };
		4B59BC3E93FD325B6B196F59 /* APIClient.swift in Sources */ = {isa = PBXBuildFile; fileRef = 2FEB84E4FAD7F551266AEB1E /* APIClient.swift */; };
		4FF295DDBE99B3979659CD7B /* AuthManager.swift in Sources */ = {isa = PBXBuildFile; fileRef = 9D63788DEEBCFACB7645234A /* AuthManager.swift */; };
		5A897EB66AD58500098934BE /* TripDetailView.swift in Sources */ = {isa = PBXBuildFile; fileRef = 2EDC5A6A6A375558D4E90D2F /* TripDetailView.swift */; };
		611EEBD1D860CD001AFFEACE /* TimeFormatting.swift in Sources */ = {isa = PBXBuildFile; fileRef = D4DE332C959DE95D4D652496 /* TimeFormatting.swift */; };
		6489BD603790B594FC059342 /* APIClient.swift in Sources */ = {isa = PBXBuildFile; fileRef = 2FEB84E4FAD7F551266AEB1E /* APIClient.swift */; };
		66EA5820A6E1BFABD214450F /* TripCreationView.swift in Sources */ = {isa = PBXBuildFile; fileRef = 70ED6174B2E99DD17E4E500B /* TripCreationView.swift */; };
		671A3D529F037F4A18B0715F /* MainWindowView.swift in Sources */ = {isa = PBXBuildFile; fileRef = CCABFB9F1F5CCAFC13C36B5D /* MainWindowView.swift */; };
		6B0F4F54273AC5CB0E06C17D /* MenuBarViewModel.swift in Sources */ = {isa = PBXBuildFile; fileRef = 1F323A7E1EAAE8598649B765 /* MenuBarViewModel.swift */; };
		6C20E957463A4E9A197552AB /* AppButton.swift in Sources */ = {isa = PBXBuildFile; fileRef = 9675BBACA512400BA862D727 /* AppButton.swift */; };
		6DF839B8F010F18B0BD0CB51 /* JourneyHelpers.swift in Sources */ = {isa = PBXBuildFile; fileRef = C967029DD643D2D75950E793 /* JourneyHelpers.swift */; };
		7A265735E4B02DB4F83046DC /* LiveTripCardView.swift in Sources */ = {isa = PBXBuildFile; fileRef = DFADF151472CB4ABEF1EF92D /* LiveTripCardView.swift */; };
		7DC9AE333487CE0C1D4323D1 /* TransportMode.swift in Sources */ = {isa = PBXBuildFile; fileRef = A7E4414431597546BBBC0F46 /* TransportMode.swift */; };
		7FBDC93959A94D66A2E444B0 /* SavedTrip.swift in Sources */ = {isa = PBXBuildFile; fileRef = D021E21156BE55E9A05F1253 /* SavedTrip.swift */; };
		88696BCFF9014676B9C71DB3 /* TimetableView.swift in Sources */ = {isa = PBXBuildFile; fileRef = B79AF9832ED9AEEFF6E3A3AD /* TimetableView.swift */; };
		957DAEFC7A8198BD32EC8C9E /* WidgetViews.swift in Sources */ = {isa = PBXBuildFile; fileRef = 65180135C9B73E709FDDF32B /* WidgetViews.swift */; };
		98696DA57BF1DD39CAB7D752 /* APIModels.swift in Sources */ = {isa = PBXBuildFile; fileRef = F503CBCF1982BDBB02E1D672 /* APIModels.swift */; };
		9D1A80B7F83739F5BEB73179 /* ContentView.swift in Sources */ = {isa = PBXBuildFile; fileRef = D59B04EED209C6EC168B237A /* ContentView.swift */; };
		A279EAD35937C0CD498326AB /* APIModels.swift in Sources */ = {isa = PBXBuildFile; fileRef = F503CBCF1982BDBB02E1D672 /* APIModels.swift */; };
		B236900A0A2BF6B08C854D36 /* All Aboard.icon in Resources */ = {isa = PBXBuildFile; fileRef = D7AB968B989EE62C3CEFE843 /* All Aboard.icon */; };
		B3DABBEC656142B264028598 /* APIClient.swift in Sources */ = {isa = PBXBuildFile; fileRef = 2FEB84E4FAD7F551266AEB1E /* APIClient.swift */; };
		B99087E53985F0111FC9FA61 /* AllAboardWidgets.appex in Embed Foundation Extensions */ = {isa = PBXBuildFile; fileRef = 522F5A99861F33B665B6BAEF /* AllAboardWidgets.appex */; settings = {ATTRIBUTES = (CodeSignOnCopy, RemoveHeadersOnCopy, ); }; };
		BBC837BDAD1986A8E297CC8E /* SidebarItem.swift in Sources */ = {isa = PBXBuildFile; fileRef = 0F079CE63DCBC540FBC1F494 /* SidebarItem.swift */; };
		C97BC5377C5F63AA65F23255 /* APIModels.swift in Sources */ = {isa = PBXBuildFile; fileRef = F503CBCF1982BDBB02E1D672 /* APIModels.swift */; };
		CD380E27AAD7823C2A9227BE /* TimeFormatting.swift in Sources */ = {isa = PBXBuildFile; fileRef = D4DE332C959DE95D4D652496 /* TimeFormatting.swift */; };
		CF772E19B165CB98128AA638 /* StatusBarController.swift in Sources */ = {isa = PBXBuildFile; fileRef = 69D8715A61EC0A55AE995C55 /* StatusBarController.swift */; };
		CFD57A04CED988941657E3B1 /* AllAboardWidget.swift in Sources */ = {isa = PBXBuildFile; fileRef = 5DACA824C439D8A63CD4F9B3 /* AllAboardWidget.swift */; };
		D44DB592CF98CD08CEEEE6FC /* TransportMode.swift in Sources */ = {isa = PBXBuildFile; fileRef = A7E4414431597546BBBC0F46 /* TransportMode.swift */; };
		D8A526C25FA7E61C90742427 /* LiveTripCardPanelController.swift in Sources */ = {isa = PBXBuildFile; fileRef = 9DD5437D470ED8C424CB4625 /* LiveTripCardPanelController.swift */; };
		E1F93410C3EB8A96EB7B5470 /* SharedDefaults.swift in Sources */ = {isa = PBXBuildFile; fileRef = CD208B55C18892F35F8EE859 /* SharedDefaults.swift */; };
		E3401AD6562E4E2DA6B5AF8A /* TripSetupView.swift in Sources */ = {isa = PBXBuildFile; fileRef = 33539EE7E383D04E8C401412 /* TripSetupView.swift */; };
		E3C5C4DA21110BA783C37587 /* AppColors.swift in Sources */ = {isa = PBXBuildFile; fileRef = 942CC12DDD8235891C6D2D1E /* AppColors.swift */; };
		E9548F95E702E4EB1F626A3D /* MenuBarView.swift in Sources */ = {isa = PBXBuildFile; fileRef = 46A066A0E2F7B40F57C5FC36 /* MenuBarView.swift */; };
		ECFFAA43FBE3AEBED8282832 /* Assets.xcassets in Resources */ = {isa = PBXBuildFile; fileRef = D51A7C05E647D0220C9AAB8C /* Assets.xcassets */; };
		F2E55E4A3B3A658C1E894E83 /* TimeFormatting.swift in Sources */ = {isa = PBXBuildFile; fileRef = D4DE332C959DE95D4D652496 /* TimeFormatting.swift */; };
		FADBE49A1E2825A7A3185A6D /* JourneyHelpers.swift in Sources */ = {isa = PBXBuildFile; fileRef = C967029DD643D2D75950E793 /* JourneyHelpers.swift */; };
		FE141D0DB755C7EE72A9EE71 /* Assets.xcassets in Resources */ = {isa = PBXBuildFile; fileRef = 539086F0E6C2433165400863 /* Assets.xcassets */; };
/* End PBXBuildFile section */

/* Begin PBXContainerItemProxy section */
		04DC2976D663ECDB7A654699 /* PBXContainerItemProxy */ = {
			isa = PBXContainerItemProxy;
			containerPortal = F30606EC524A07DA1255D9B6 /* Project object */;
			proxyType = 1;
			remoteGlobalIDString = 0A459F5337413B100555E046;
			remoteInfo = AllAboardWidgets;
		};
/* End PBXContainerItemProxy section */

/* Begin PBXCopyFilesBuildPhase section */
		5EB8164E079E092C90A4083B /* Embed Foundation Extensions */ = {
			isa = PBXCopyFilesBuildPhase;
			buildActionMask = 2147483647;
			dstPath = "";
			dstSubfolderSpec = 13;
			files = (
				B99087E53985F0111FC9FA61 /* AllAboardWidgets.appex in Embed Foundation Extensions */,
			);
			name = "Embed Foundation Extensions";
			runOnlyForDeploymentPostprocessing = 0;
		};
/* End PBXCopyFilesBuildPhase section */

/* Begin PBXFileReference section */
		0718044FC7A1118C77F45C7C /* Info.plist */ = {isa = PBXFileReference; lastKnownFileType = text.plist; path = Info.plist; sourceTree = "<group>"; };
		0B9AADCB974991A2124B01EE /* Info.plist */ = {isa = PBXFileReference; lastKnownFileType = text.plist; path = Info.plist; sourceTree = "<group>"; };
		0F079CE63DCBC540FBC1F494 /* SidebarItem.swift */ = {isa = PBXFileReference; lastKnownFileType = sourcecode.swift; path = SidebarItem.swift; sourceTree = "<group>"; };
		0FECBA7D98D5022744CF5452 /* TripCreationViewModel.swift */ = {isa = PBXFileReference; lastKnownFileType = sourcecode.swift; path = TripCreationViewModel.swift; sourceTree = "<group>"; };
		1B863AA604CCB21920920AFA /* Info.plist */ = {isa = PBXFileReference; lastKnownFileType = text.plist; path = Info.plist; sourceTree = "<group>"; };
		1F323A7E1EAAE8598649B765 /* MenuBarViewModel.swift */ = {isa = PBXFileReference; lastKnownFileType = sourcecode.swift; path = MenuBarViewModel.swift; sourceTree = "<group>"; };
		2EDC5A6A6A375558D4E90D2F /* TripDetailView.swift */ = {isa = PBXFileReference; lastKnownFileType = sourcecode.swift; path = TripDetailView.swift; sourceTree = "<group>"; };
		2FEB84E4FAD7F551266AEB1E /* APIClient.swift */ = {isa = PBXFileReference; lastKnownFileType = sourcecode.swift; path = APIClient.swift; sourceTree = "<group>"; };
		33539EE7E383D04E8C401412 /* TripSetupView.swift */ = {isa = PBXFileReference; lastKnownFileType = sourcecode.swift; path = TripSetupView.swift; sourceTree = "<group>"; };
		37EAA8C5FA271FC78721FA01 /* AllAboardWidgetsBundle.swift */ = {isa = PBXFileReference; lastKnownFileType = sourcecode.swift; path = AllAboardWidgetsBundle.swift; sourceTree = "<group>"; };
		46A066A0E2F7B40F57C5FC36 /* MenuBarView.swift */ = {isa = PBXFileReference; lastKnownFileType = sourcecode.swift; path = MenuBarView.swift; sourceTree = "<group>"; };
		522F5A99861F33B665B6BAEF /* AllAboardWidgets.appex */ = {isa = PBXFileReference; includeInIndex = 0; lastKnownFileType = "wrapper.app-extension"; path = AllAboardWidgets.appex; sourceTree = BUILT_PRODUCTS_DIR; };
		539086F0E6C2433165400863 /* Assets.xcassets */ = {isa = PBXFileReference; lastKnownFileType = folder.assetcatalog; path = Assets.xcassets; sourceTree = "<group>"; };
		5DACA824C439D8A63CD4F9B3 /* AllAboardWidget.swift */ = {isa = PBXFileReference; lastKnownFileType = sourcecode.swift; path = AllAboardWidget.swift; sourceTree = "<group>"; };
		65180135C9B73E709FDDF32B /* WidgetViews.swift */ = {isa = PBXFileReference; lastKnownFileType = sourcecode.swift; path = WidgetViews.swift; sourceTree = "<group>"; };
		69D8715A61EC0A55AE995C55 /* StatusBarController.swift */ = {isa = PBXFileReference; lastKnownFileType = sourcecode.swift; path = StatusBarController.swift; sourceTree = "<group>"; };
		70ED6174B2E99DD17E4E500B /* TripCreationView.swift */ = {isa = PBXFileReference; lastKnownFileType = sourcecode.swift; path = TripCreationView.swift; sourceTree = "<group>"; };
		75125C4FAE0E47F339C1653E /* AllAboardiOSApp.swift */ = {isa = PBXFileReference; lastKnownFileType = sourcecode.swift; path = AllAboardiOSApp.swift; sourceTree = "<group>"; };
		89EC2C61F9CFF93B09B66DEA /* AllAboardiOS.entitlements */ = {isa = PBXFileReference; lastKnownFileType = text.plist.entitlements; path = AllAboardiOS.entitlements; sourceTree = "<group>"; };
		8C6049F044EF96494F70E42A /* TripStore.swift */ = {isa = PBXFileReference; lastKnownFileType = sourcecode.swift; path = TripStore.swift; sourceTree = "<group>"; };
		8F6BE7481AA058D46C7A7E28 /* AllAboard.entitlements */ = {isa = PBXFileReference; lastKnownFileType = text.plist.entitlements; path = AllAboard.entitlements; sourceTree = "<group>"; };
		942CC12DDD8235891C6D2D1E /* AppColors.swift */ = {isa = PBXFileReference; lastKnownFileType = sourcecode.swift; path = AppColors.swift; sourceTree = "<group>"; };
		9675BBACA512400BA862D727 /* AppButton.swift */ = {isa = PBXFileReference; lastKnownFileType = sourcecode.swift; path = AppButton.swift; sourceTree = "<group>"; };
		9D63788DEEBCFACB7645234A /* AuthManager.swift */ = {isa = PBXFileReference; lastKnownFileType = sourcecode.swift; path = AuthManager.swift; sourceTree = "<group>"; };
		9DD5437D470ED8C424CB4625 /* LiveTripCardPanelController.swift */ = {isa = PBXFileReference; lastKnownFileType = sourcecode.swift; path = LiveTripCardPanelController.swift; sourceTree = "<group>"; };
		A7E4414431597546BBBC0F46 /* TransportMode.swift */ = {isa = PBXFileReference; lastKnownFileType = sourcecode.swift; path = TransportMode.swift; sourceTree = "<group>"; };
		B79AF9832ED9AEEFF6E3A3AD /* TimetableView.swift */ = {isa = PBXFileReference; lastKnownFileType = sourcecode.swift; path = TimetableView.swift; sourceTree = "<group>"; };
		B9209059B5C915FC559C4D75 /* StopSearchScreen.swift */ = {isa = PBXFileReference; lastKnownFileType = sourcecode.swift; path = StopSearchScreen.swift; sourceTree = "<group>"; };
		BBB92BD04760D201F400B8E5 /* AllAboardApp.swift */ = {isa = PBXFileReference; lastKnownFileType = sourcecode.swift; path = AllAboardApp.swift; sourceTree = "<group>"; };
		BE8A93D509A6AF85C2F21057 /* All Aboard.app */ = {isa = PBXFileReference; explicitFileType = wrapper.application; includeInIndex = 0; path = "All Aboard.app"; sourceTree = BUILT_PRODUCTS_DIR; };
		C967029DD643D2D75950E793 /* JourneyHelpers.swift */ = {isa = PBXFileReference; lastKnownFileType = sourcecode.swift; path = JourneyHelpers.swift; sourceTree = "<group>"; };
		CA3B00584652C4CCDD2FD249 /* AllAboardiOS.app */ = {isa = PBXFileReference; includeInIndex = 0; lastKnownFileType = wrapper.application; path = AllAboardiOS.app; sourceTree = BUILT_PRODUCTS_DIR; };
		CCABFB9F1F5CCAFC13C36B5D /* MainWindowView.swift */ = {isa = PBXFileReference; lastKnownFileType = sourcecode.swift; path = MainWindowView.swift; sourceTree = "<group>"; };
		CCAC849C267BBD90D918E7D9 /* TimetableViewModel.swift */ = {isa = PBXFileReference; lastKnownFileType = sourcecode.swift; path = TimetableViewModel.swift; sourceTree = "<group>"; };
		CD208B55C18892F35F8EE859 /* SharedDefaults.swift */ = {isa = PBXFileReference; lastKnownFileType = sourcecode.swift; path = SharedDefaults.swift; sourceTree = "<group>"; };
		D021E21156BE55E9A05F1253 /* SavedTrip.swift */ = {isa = PBXFileReference; lastKnownFileType = sourcecode.swift; path = SavedTrip.swift; sourceTree = "<group>"; };
		D4DE332C959DE95D4D652496 /* TimeFormatting.swift */ = {isa = PBXFileReference; lastKnownFileType = sourcecode.swift; path = TimeFormatting.swift; sourceTree = "<group>"; };
		D51A7C05E647D0220C9AAB8C /* Assets.xcassets */ = {isa = PBXFileReference; lastKnownFileType = folder.assetcatalog; path = Assets.xcassets; sourceTree = "<group>"; };
		D59B04EED209C6EC168B237A /* ContentView.swift */ = {isa = PBXFileReference; lastKnownFileType = sourcecode.swift; path = ContentView.swift; sourceTree = "<group>"; };
		D7AB968B989EE62C3CEFE843 /* All Aboard.icon */ = {isa = PBXFileReference; lastKnownFileType = wrapper.icon; path = "All Aboard.icon"; sourceTree = "<group>"; };
		DFADF151472CB4ABEF1EF92D /* LiveTripCardView.swift */ = {isa = PBXFileReference; lastKnownFileType = sourcecode.swift; path = LiveTripCardView.swift; sourceTree = "<group>"; };
		E0BC66E1F2DA02067FAFD4E2 /* SignInView.swift */ = {isa = PBXFileReference; lastKnownFileType = sourcecode.swift; path = SignInView.swift; sourceTree = "<group>"; };
		EF5858531C15BF9AE011D1B0 /* AllAboardWidgets.entitlements */ = {isa = PBXFileReference; lastKnownFileType = text.plist.entitlements; path = AllAboardWidgets.entitlements; sourceTree = "<group>"; };
		F503CBCF1982BDBB02E1D672 /* APIModels.swift */ = {isa = PBXFileReference; lastKnownFileType = sourcecode.swift; path = APIModels.swift; sourceTree = "<group>"; };
		F6ADA024A62CE2B81A9CDEFD /* Assets.xcassets */ = {isa = PBXFileReference; lastKnownFileType = folder.assetcatalog; path = Assets.xcassets; sourceTree = "<group>"; };
/* End PBXFileReference section */

/* Begin PBXFrameworksBuildPhase section */
		A34C9DAD6182660EC244436C /* Frameworks */ = {
			isa = PBXFrameworksBuildPhase;
			buildActionMask = 2147483647;
			files = (
				1292344FD05254F9ED242E5B /* Sparkle in Frameworks */,
			);
			runOnlyForDeploymentPostprocessing = 0;
		};
/* End PBXFrameworksBuildPhase section */

/* Begin PBXGroup section */
		166166002D1E3E651D6BC3D8 /* AllAboard */ = {
			isa = PBXGroup;
			children = (
				D7AB968B989EE62C3CEFE843 /* All Aboard.icon */,
				8F6BE7481AA058D46C7A7E28 /* AllAboard.entitlements */,
				BBB92BD04760D201F400B8E5 /* AllAboardApp.swift */,
				F6ADA024A62CE2B81A9CDEFD /* Assets.xcassets */,
				1B863AA604CCB21920920AFA /* Info.plist */,
				9DD5437D470ED8C424CB4625 /* LiveTripCardPanelController.swift */,
				69D8715A61EC0A55AE995C55 /* StatusBarController.swift */,
				BD12112321B81875B55FE6F3 /* Licensing */,
				BAA37E49D35394DF7E1AFFBE /* Models */,
				4E508E0453B2FE572A8E961E /* Networking */,
				2DA5E9DF99BB458E96F4FAF0 /* Persistence */,
				76ECBF59AD64353BCCC69538 /* Utilities */,
				1E7A138FA5E14E56E1DDC01E /* ViewModels */,
				A36FA9EED4EAF4DB96B4BF01 /* Views */,
			);
			path = AllAboard;
			sourceTree = "<group>";
		};
		1E7A138FA5E14E56E1DDC01E /* ViewModels */ = {
			isa = PBXGroup;
			children = (
				1F323A7E1EAAE8598649B765 /* MenuBarViewModel.swift */,
				0FECBA7D98D5022744CF5452 /* TripCreationViewModel.swift */,
			);
			path = ViewModels;
			sourceTree = "<group>";
		};
		2DA5E9DF99BB458E96F4FAF0 /* Persistence */ = {
			isa = PBXGroup;
			children = (
				8C6049F044EF96494F70E42A /* TripStore.swift */,
			);
			path = Persistence;
			sourceTree = "<group>";
		};
		312EF2BF37F2E5EE32BB8DC6 = {
			isa = PBXGroup;
			children = (
				166166002D1E3E651D6BC3D8 /* AllAboard */,
				529CA3F9FB8F39A2402A72DF /* AllAboardiOS */,
				F9A694C994FDCEAAFBF77FF0 /* AllAboardiOSShared */,
				36F9964A4751169F83D77CD4 /* AllAboardWidgets */,
				9A40BE346BA8E99F2BCD608C /* Products */,
			);
			sourceTree = "<group>";
		};
		36F9964A4751169F83D77CD4 /* AllAboardWidgets */ = {
			isa = PBXGroup;
			children = (
				5DACA824C439D8A63CD4F9B3 /* AllAboardWidget.swift */,
				EF5858531C15BF9AE011D1B0 /* AllAboardWidgets.entitlements */,
				37EAA8C5FA271FC78721FA01 /* AllAboardWidgetsBundle.swift */,
				539086F0E6C2433165400863 /* Assets.xcassets */,
				0718044FC7A1118C77F45C7C /* Info.plist */,
				65180135C9B73E709FDDF32B /* WidgetViews.swift */,
			);
			path = AllAboardWidgets;
			sourceTree = "<group>";
		};
		4E508E0453B2FE572A8E961E /* Networking */ = {
			isa = PBXGroup;
			children = (
				2FEB84E4FAD7F551266AEB1E /* APIClient.swift */,
			);
			path = Networking;
			sourceTree = "<group>";
		};
		529CA3F9FB8F39A2402A72DF /* AllAboardiOS */ = {
			isa = PBXGroup;
			children = (
				89EC2C61F9CFF93B09B66DEA /* AllAboardiOS.entitlements */,
				75125C4FAE0E47F339C1653E /* AllAboardiOSApp.swift */,
				D51A7C05E647D0220C9AAB8C /* Assets.xcassets */,
				D59B04EED209C6EC168B237A /* ContentView.swift */,
				0B9AADCB974991A2124B01EE /* Info.plist */,
				B9209059B5C915FC559C4D75 /* StopSearchScreen.swift */,
				B79AF9832ED9AEEFF6E3A3AD /* TimetableView.swift */,
				CCAC849C267BBD90D918E7D9 /* TimetableViewModel.swift */,
				33539EE7E383D04E8C401412 /* TripSetupView.swift */,
			);
			path = AllAboardiOS;
			sourceTree = "<group>";
		};
		76ECBF59AD64353BCCC69538 /* Utilities */ = {
			isa = PBXGroup;
			children = (
				D4DE332C959DE95D4D652496 /* TimeFormatting.swift */,
			);
			path = Utilities;
			sourceTree = "<group>";
		};
		8CA704D0C55FEB6A31FEFEF7 /* Components */ = {
			isa = PBXGroup;
			children = (
				9675BBACA512400BA862D727 /* AppButton.swift */,
				942CC12DDD8235891C6D2D1E /* AppColors.swift */,
				0F079CE63DCBC540FBC1F494 /* SidebarItem.swift */,
			);
			path = Components;
			sourceTree = "<group>";
		};
		9A40BE346BA8E99F2BCD608C /* Products */ = {
			isa = PBXGroup;
			children = (
				BE8A93D509A6AF85C2F21057 /* All Aboard.app */,
				CA3B00584652C4CCDD2FD249 /* AllAboardiOS.app */,
				522F5A99861F33B665B6BAEF /* AllAboardWidgets.appex */,
			);
			name = Products;
			sourceTree = "<group>";
		};
		A36FA9EED4EAF4DB96B4BF01 /* Views */ = {
			isa = PBXGroup;
			children = (
				DFADF151472CB4ABEF1EF92D /* LiveTripCardView.swift */,
				CCABFB9F1F5CCAFC13C36B5D /* MainWindowView.swift */,
				46A066A0E2F7B40F57C5FC36 /* MenuBarView.swift */,
				70ED6174B2E99DD17E4E500B /* TripCreationView.swift */,
				2EDC5A6A6A375558D4E90D2F /* TripDetailView.swift */,
				8CA704D0C55FEB6A31FEFEF7 /* Components */,
			);
			path = Views;
			sourceTree = "<group>";
		};
		BAA37E49D35394DF7E1AFFBE /* Models */ = {
			isa = PBXGroup;
			children = (
				F503CBCF1982BDBB02E1D672 /* APIModels.swift */,
				D021E21156BE55E9A05F1253 /* SavedTrip.swift */,
				A7E4414431597546BBBC0F46 /* TransportMode.swift */,
			);
			path = Models;
			sourceTree = "<group>";
		};
		BD12112321B81875B55FE6F3 /* Licensing */ = {
			isa = PBXGroup;
			children = (
				9D63788DEEBCFACB7645234A /* AuthManager.swift */,
				E0BC66E1F2DA02067FAFD4E2 /* SignInView.swift */,
			);
			path = Licensing;
			sourceTree = "<group>";
		};
		F9A694C994FDCEAAFBF77FF0 /* AllAboardiOSShared */ = {
			isa = PBXGroup;
			children = (
				C967029DD643D2D75950E793 /* JourneyHelpers.swift */,
				CD208B55C18892F35F8EE859 /* SharedDefaults.swift */,
			);
			path = AllAboardiOSShared;
			sourceTree = "<group>";
		};
/* End PBXGroup section */

/* Begin PBXNativeTarget section */
		0A459F5337413B100555E046 /* AllAboardWidgets */ = {
			isa = PBXNativeTarget;
			buildConfigurationList = 03E67A4907CC0730EE449029 /* Build configuration list for PBXNativeTarget "AllAboardWidgets" */;
			buildPhases = (
				6EDB61D892487FA70E081464 /* Sources */,
				8F133D63B537EF70B8808F11 /* Resources */,
			);
			buildRules = (
			);
			dependencies = (
			);
			name = AllAboardWidgets;
			packageProductDependencies = (
			);
			productName = AllAboardWidgets;
			productReference = 522F5A99861F33B665B6BAEF /* AllAboardWidgets.appex */;
			productType = "com.apple.product-type.app-extension";
		};
		1BC9A1322121CC1E2794DE05 /* All Aboard */ = {
			isa = PBXNativeTarget;
			buildConfigurationList = 7BFDC528B57708FDA11E1A2C /* Build configuration list for PBXNativeTarget "All Aboard" */;
			buildPhases = (
				96E469C31AADC4A0FA78820E /* Sources */,
				F110C29FBA0813C356D9A510 /* Resources */,
				A34C9DAD6182660EC244436C /* Frameworks */,
			);
			buildRules = (
			);
			dependencies = (
			);
			name = "All Aboard";
			packageProductDependencies = (
				206819DA78CC06F56D72F161 /* Sparkle */,
			);
			productName = "All Aboard";
			productReference = BE8A93D509A6AF85C2F21057 /* All Aboard.app */;
			productType = "com.apple.product-type.application";
		};
		552F21C7AD3542F70903516C /* AllAboardiOS */ = {
			isa = PBXNativeTarget;
			buildConfigurationList = D06A904FF64095413C64B5E3 /* Build configuration list for PBXNativeTarget "AllAboardiOS" */;
			buildPhases = (
				EAC1276E48EB8A9A20A33722 /* Sources */,
				94D32EFA5C78CF9C0C2DBFDF /* Resources */,
				5EB8164E079E092C90A4083B /* Embed Foundation Extensions */,
			);
			buildRules = (
			);
			dependencies = (
				D1287071A85EC27547536610 /* PBXTargetDependency */,
			);
			name = AllAboardiOS;
			packageProductDependencies = (
			);
			productName = AllAboardiOS;
			productReference = CA3B00584652C4CCDD2FD249 /* AllAboardiOS.app */;
			productType = "com.apple.product-type.application";
		};
/* End PBXNativeTarget section */

/* Begin PBXProject section */
		F30606EC524A07DA1255D9B6 /* Project object */ = {
			isa = PBXProject;
			attributes = {
				BuildIndependentTargetsInParallel = YES;
				LastUpgradeCheck = 1600;
				TargetAttributes = {
					0A459F5337413B100555E046 = {
						DevelopmentTeam = T544U3WVL6;
						ProvisioningStyle = Automatic;
					};
					1BC9A1322121CC1E2794DE05 = {
						ProvisioningStyle = Automatic;
					};
					552F21C7AD3542F70903516C = {
						DevelopmentTeam = T544U3WVL6;
						ProvisioningStyle = Automatic;
					};
				};
			};
			buildConfigurationList = 44825AC6DA828E2F305B4E9F /* Build configuration list for PBXProject "All Aboard" */;
			developmentRegion = en;
			hasScannedForEncodings = 0;
			knownRegions = (
				Base,
				en,
			);
			mainGroup = 312EF2BF37F2E5EE32BB8DC6;
			minimizedProjectReferenceProxies = 1;
			packageReferences = (
				E154B729A4419B8C29FECDF2 /* XCRemoteSwiftPackageReference "Sparkle" */,
			);
			preferredProjectObjectVersion = 77;
			productRefGroup = 9A40BE346BA8E99F2BCD608C /* Products */;
			projectDirPath = "";
			projectRoot = "";
			targets = (
				1BC9A1322121CC1E2794DE05 /* All Aboard */,
				0A459F5337413B100555E046 /* AllAboardWidgets */,
				552F21C7AD3542F70903516C /* AllAboardiOS */,
			);
		};
/* End PBXProject section */

/* Begin PBXResourcesBuildPhase section */
		8F133D63B537EF70B8808F11 /* Resources */ = {
			isa = PBXResourcesBuildPhase;
			buildActionMask = 2147483647;
			files = (
				FE141D0DB755C7EE72A9EE71 /* Assets.xcassets in Resources */,
			);
			runOnlyForDeploymentPostprocessing = 0;
		};
		94D32EFA5C78CF9C0C2DBFDF /* Resources */ = {
			isa = PBXResourcesBuildPhase;
			buildActionMask = 2147483647;
			files = (
				ECFFAA43FBE3AEBED8282832 /* Assets.xcassets in Resources */,
			);
			runOnlyForDeploymentPostprocessing = 0;
		};
		F110C29FBA0813C356D9A510 /* Resources */ = {
			isa = PBXResourcesBuildPhase;
			buildActionMask = 2147483647;
			files = (
				B236900A0A2BF6B08C854D36 /* All Aboard.icon in Resources */,
				1A6FF4B853B7531FDECCCDF9 /* Assets.xcassets in Resources */,
			);
			runOnlyForDeploymentPostprocessing = 0;
		};
/* End PBXResourcesBuildPhase section */

/* Begin PBXSourcesBuildPhase section */
		6EDB61D892487FA70E081464 /* Sources */ = {
			isa = PBXSourcesBuildPhase;
			buildActionMask = 2147483647;
			files = (
				B3DABBEC656142B264028598 /* APIClient.swift in Sources */,
				C97BC5377C5F63AA65F23255 /* APIModels.swift in Sources */,
				CFD57A04CED988941657E3B1 /* AllAboardWidget.swift in Sources */,
				20D911C1A9BD13C51719290F /* AllAboardWidgetsBundle.swift in Sources */,
				FADBE49A1E2825A7A3185A6D /* JourneyHelpers.swift in Sources */,
				166A7BCDCD34D535B4EFB559 /* SavedTrip.swift in Sources */,
				E1F93410C3EB8A96EB7B5470 /* SharedDefaults.swift in Sources */,
				611EEBD1D860CD001AFFEACE /* TimeFormatting.swift in Sources */,
				3DD2AD1F232876074912463E /* TransportMode.swift in Sources */,
				957DAEFC7A8198BD32EC8C9E /* WidgetViews.swift in Sources */,
			);
			runOnlyForDeploymentPostprocessing = 0;
		};
		96E469C31AADC4A0FA78820E /* Sources */ = {
			isa = PBXSourcesBuildPhase;
			buildActionMask = 2147483647;
			files = (
				6489BD603790B594FC059342 /* APIClient.swift in Sources */,
				98696DA57BF1DD39CAB7D752 /* APIModels.swift in Sources */,
				165642C018B707581954B5C7 /* AllAboardApp.swift in Sources */,
				6C20E957463A4E9A197552AB /* AppButton.swift in Sources */,
				E3C5C4DA21110BA783C37587 /* AppColors.swift in Sources */,
				4FF295DDBE99B3979659CD7B /* AuthManager.swift in Sources */,
				D8A526C25FA7E61C90742427 /* LiveTripCardPanelController.swift in Sources */,
				7A265735E4B02DB4F83046DC /* LiveTripCardView.swift in Sources */,
				671A3D529F037F4A18B0715F /* MainWindowView.swift in Sources */,
				E9548F95E702E4EB1F626A3D /* MenuBarView.swift in Sources */,
				6B0F4F54273AC5CB0E06C17D /* MenuBarViewModel.swift in Sources */,
				09EA7924857FDE70EB0BAB98 /* SavedTrip.swift in Sources */,
				BBC837BDAD1986A8E297CC8E /* SidebarItem.swift in Sources */,
				46821C70F5C77DC2FCF4273B /* SignInView.swift in Sources */,
				CF772E19B165CB98128AA638 /* StatusBarController.swift in Sources */,
				F2E55E4A3B3A658C1E894E83 /* TimeFormatting.swift in Sources */,
				7DC9AE333487CE0C1D4323D1 /* TransportMode.swift in Sources */,
				66EA5820A6E1BFABD214450F /* TripCreationView.swift in Sources */,
				14A7A5B1A768110ED5F5D539 /* TripCreationViewModel.swift in Sources */,
				5A897EB66AD58500098934BE /* TripDetailView.swift in Sources */,
				469B06078DF4065107D9DC05 /* TripStore.swift in Sources */,
			);
			runOnlyForDeploymentPostprocessing = 0;
		};
		EAC1276E48EB8A9A20A33722 /* Sources */ = {
			isa = PBXSourcesBuildPhase;
			buildActionMask = 2147483647;
			files = (
				4B59BC3E93FD325B6B196F59 /* APIClient.swift in Sources */,
				A279EAD35937C0CD498326AB /* APIModels.swift in Sources */,
				28148F091D3B83BCF9FB05AF /* AllAboardiOSApp.swift in Sources */,
				9D1A80B7F83739F5BEB73179 /* ContentView.swift in Sources */,
				6DF839B8F010F18B0BD0CB51 /* JourneyHelpers.swift in Sources */,
				7FBDC93959A94D66A2E444B0 /* SavedTrip.swift in Sources */,
				2CA7694A316C0292D9D85A18 /* SharedDefaults.swift in Sources */,
				3D440762EB63242BA7110BA6 /* StopSearchScreen.swift in Sources */,
				CD380E27AAD7823C2A9227BE /* TimeFormatting.swift in Sources */,
				88696BCFF9014676B9C71DB3 /* TimetableView.swift in Sources */,
				072989749F1A4B46A03487AF /* TimetableViewModel.swift in Sources */,
				D44DB592CF98CD08CEEEE6FC /* TransportMode.swift in Sources */,
				E3401AD6562E4E2DA6B5AF8A /* TripSetupView.swift in Sources */,
			);
			runOnlyForDeploymentPostprocessing = 0;
		};
/* End PBXSourcesBuildPhase section */

/* Begin PBXTargetDependency section */
		D1287071A85EC27547536610 /* PBXTargetDependency */ = {
			isa = PBXTargetDependency;
			target = 0A459F5337413B100555E046 /* AllAboardWidgets */;
			targetProxy = 04DC2976D663ECDB7A654699 /* PBXContainerItemProxy */;
		};
/* End PBXTargetDependency section */

/* Begin XCBuildConfiguration section */
		0E3419C617DBEA9760E961FB /* Release */ = {
			isa = XCBuildConfiguration;
			buildSettings = {
				ALWAYS_SEARCH_USER_PATHS = NO;
				CLANG_ANALYZER_NONNULL = YES;
				CLANG_ANALYZER_NUMBER_OBJECT_CONVERSION = YES_AGGRESSIVE;
				CLANG_CXX_LANGUAGE_STANDARD = "gnu++14";
				CLANG_CXX_LIBRARY = "libc++";
				CLANG_ENABLE_MODULES = YES;
				CLANG_ENABLE_OBJC_ARC = YES;
				CLANG_ENABLE_OBJC_WEAK = YES;
				CLANG_WARN_BLOCK_CAPTURE_AUTORELEASING = YES;
				CLANG_WARN_BOOL_CONVERSION = YES;
				CLANG_WARN_COMMA = YES;
				CLANG_WARN_CONSTANT_CONVERSION = YES;
				CLANG_WARN_DEPRECATED_OBJC_IMPLEMENTATIONS = YES;
				CLANG_WARN_DIRECT_OBJC_ISA_USAGE = YES_ERROR;
				CLANG_WARN_DOCUMENTATION_COMMENTS = YES;
				CLANG_WARN_EMPTY_BODY = YES;
				CLANG_WARN_ENUM_CONVERSION = YES;
				CLANG_WARN_INFINITE_RECURSION = YES;
				CLANG_WARN_INT_CONVERSION = YES;
				CLANG_WARN_NON_LITERAL_NULL_CONVERSION = YES;
				CLANG_WARN_OBJC_IMPLICIT_RETAIN_SELF = YES;
				CLANG_WARN_OBJC_LITERAL_CONVERSION = YES;
				CLANG_WARN_OBJC_ROOT_CLASS = YES_ERROR;
				CLANG_WARN_QUOTED_INCLUDE_IN_FRAMEWORK_HEADER = YES;
				CLANG_WARN_RANGE_LOOP_ANALYSIS = YES;
				CLANG_WARN_STRICT_PROTOTYPES = YES;
				CLANG_WARN_SUSPICIOUS_MOVE = YES;
				CLANG_WARN_UNGUARDED_AVAILABILITY = YES_AGGRESSIVE;
				CLANG_WARN_UNREACHABLE_CODE = YES;
				CLANG_WARN__DUPLICATE_METHOD_MATCH = YES;
				COPY_PHASE_STRIP = NO;
				DEBUG_INFORMATION_FORMAT = "dwarf-with-dsym";
				ENABLE_NS_ASSERTIONS = NO;
				ENABLE_STRICT_OBJC_MSGSEND = YES;
				GCC_C_LANGUAGE_STANDARD = gnu11;
				GCC_NO_COMMON_BLOCKS = YES;
				GCC_WARN_64_TO_32_BIT_CONVERSION = YES;
				GCC_WARN_ABOUT_RETURN_TYPE = YES_ERROR;
				GCC_WARN_UNDECLARED_SELECTOR = YES;
				GCC_WARN_UNINITIALIZED_AUTOS = YES_AGGRESSIVE;
				GCC_WARN_UNUSED_FUNCTION = YES;
				GCC_WARN_UNUSED_VARIABLE = YES;
				IPHONEOS_DEPLOYMENT_TARGET = 17.0;
				MACOSX_DEPLOYMENT_TARGET = 14.0;
				MTL_ENABLE_DEBUG_INFO = NO;
				MTL_FAST_MATH = YES;
				PRODUCT_NAME = "$(TARGET_NAME)";
				SWIFT_COMPILATION_MODE = wholemodule;
				SWIFT_OPTIMIZATION_LEVEL = "-O";
				SWIFT_VERSION = 5.9;
			};
			name = Release;
		};
		4ABCDF25527C17A72E367AC3 /* Debug */ = {
			isa = XCBuildConfiguration;
			buildSettings = {
				ALWAYS_SEARCH_USER_PATHS = NO;
				CLANG_ANALYZER_NONNULL = YES;
				CLANG_ANALYZER_NUMBER_OBJECT_CONVERSION = YES_AGGRESSIVE;
				CLANG_CXX_LANGUAGE_STANDARD = "gnu++14";
				CLANG_CXX_LIBRARY = "libc++";
				CLANG_ENABLE_MODULES = YES;
				CLANG_ENABLE_OBJC_ARC = YES;
				CLANG_ENABLE_OBJC_WEAK = YES;
				CLANG_WARN_BLOCK_CAPTURE_AUTORELEASING = YES;
				CLANG_WARN_BOOL_CONVERSION = YES;
				CLANG_WARN_COMMA = YES;
				CLANG_WARN_CONSTANT_CONVERSION = YES;
				CLANG_WARN_DEPRECATED_OBJC_IMPLEMENTATIONS = YES;
				CLANG_WARN_DIRECT_OBJC_ISA_USAGE = YES_ERROR;
				CLANG_WARN_DOCUMENTATION_COMMENTS = YES;
				CLANG_WARN_EMPTY_BODY = YES;
				CLANG_WARN_ENUM_CONVERSION = YES;
				CLANG_WARN_INFINITE_RECURSION = YES;
				CLANG_WARN_INT_CONVERSION = YES;
				CLANG_WARN_NON_LITERAL_NULL_CONVERSION = YES;
				CLANG_WARN_OBJC_IMPLICIT_RETAIN_SELF = YES;
				CLANG_WARN_OBJC_LITERAL_CONVERSION = YES;
				CLANG_WARN_OBJC_ROOT_CLASS = YES_ERROR;
				CLANG_WARN_QUOTED_INCLUDE_IN_FRAMEWORK_HEADER = YES;
				CLANG_WARN_RANGE_LOOP_ANALYSIS = YES;
				CLANG_WARN_STRICT_PROTOTYPES = YES;
				CLANG_WARN_SUSPICIOUS_MOVE = YES;
				CLANG_WARN_UNGUARDED_AVAILABILITY = YES_AGGRESSIVE;
				CLANG_WARN_UNREACHABLE_CODE = YES;
				CLANG_WARN__DUPLICATE_METHOD_MATCH = YES;
				COPY_PHASE_STRIP = NO;
				DEBUG_INFORMATION_FORMAT = dwarf;
				ENABLE_STRICT_OBJC_MSGSEND = YES;
				ENABLE_TESTABILITY = YES;
				GCC_C_LANGUAGE_STANDARD = gnu11;
				GCC_DYNAMIC_NO_PIC = NO;
				GCC_NO_COMMON_BLOCKS = YES;
				GCC_OPTIMIZATION_LEVEL = 0;
				GCC_PREPROCESSOR_DEFINITIONS = (
					"$(inherited)",
					"DEBUG=1",
				);
				GCC_WARN_64_TO_32_BIT_CONVERSION = YES;
				GCC_WARN_ABOUT_RETURN_TYPE = YES_ERROR;
				GCC_WARN_UNDECLARED_SELECTOR = YES;
				GCC_WARN_UNINITIALIZED_AUTOS = YES_AGGRESSIVE;
				GCC_WARN_UNUSED_FUNCTION = YES;
				GCC_WARN_UNUSED_VARIABLE = YES;
				IPHONEOS_DEPLOYMENT_TARGET = 17.0;
				MACOSX_DEPLOYMENT_TARGET = 14.0;
				MTL_ENABLE_DEBUG_INFO = INCLUDE_SOURCE;
				MTL_FAST_MATH = YES;
				ONLY_ACTIVE_ARCH = YES;
				PRODUCT_NAME = "$(TARGET_NAME)";
				SWIFT_ACTIVE_COMPILATION_CONDITIONS = DEBUG;
				SWIFT_OPTIMIZATION_LEVEL = "-Onone";
				SWIFT_VERSION = 5.9;
			};
			name = Debug;
		};
		5B4146E5A63CE4D4EA405F1C /* Debug */ = {
			isa = XCBuildConfiguration;
			buildSettings = {
				ASSETCATALOG_COMPILER_APPICON_NAME = AppIcon;
				CODE_SIGN_ENTITLEMENTS = AllAboard/AllAboard.entitlements;
				CODE_SIGN_STYLE = Automatic;
				COMBINE_HIDPI_IMAGES = YES;
				CURRENT_PROJECT_VERSION = 12;
				ENABLE_HARDENED_RUNTIME = YES;
				INFOPLIST_FILE = AllAboard/Info.plist;
				LD_RUNPATH_SEARCH_PATHS = (
					"$(inherited)",
					"@executable_path/../Frameworks",
				);
				MARKETING_VERSION = 1.4.5;
				PRODUCT_BUNDLE_IDENTIFIER = com.allaboard.app;
				SDKROOT = macosx;
			};
			name = Debug;
		};
		6AA321CECB708553A0E344D5 /* Release */ = {
			isa = XCBuildConfiguration;
			buildSettings = {
				ASSETCATALOG_COMPILER_APPICON_NAME = AppIcon;
				CODE_SIGN_ENTITLEMENTS = AllAboard/AllAboard.entitlements;
				CODE_SIGN_STYLE = Automatic;
				COMBINE_HIDPI_IMAGES = YES;
				CURRENT_PROJECT_VERSION = 12;
				ENABLE_HARDENED_RUNTIME = YES;
				INFOPLIST_FILE = AllAboard/Info.plist;
				LD_RUNPATH_SEARCH_PATHS = (
					"$(inherited)",
					"@executable_path/../Frameworks",
				);
				MARKETING_VERSION = 1.4.5;
				PRODUCT_BUNDLE_IDENTIFIER = com.allaboard.app;
				SDKROOT = macosx;
			};
			name = Release;
		};
		71282BADB656D865161CB5A9 /* Debug */ = {
			isa = XCBuildConfiguration;
			buildSettings = {
				CODE_SIGN_ENTITLEMENTS = AllAboardWidgets/AllAboardWidgets.entitlements;
				CODE_SIGN_STYLE = Automatic;
				CURRENT_PROJECT_VERSION = 2;
				DEVELOPMENT_TEAM = T544U3WVL6;
				INFOPLIST_FILE = AllAboardWidgets/Info.plist;
				IPHONEOS_DEPLOYMENT_TARGET = 17.0;
				LD_RUNPATH_SEARCH_PATHS = (
					"$(inherited)",
					"@executable_path/Frameworks",
					"@executable_path/../../Frameworks",
				);
				MARKETING_VERSION = 1.0.0;
				PRODUCT_BUNDLE_IDENTIFIER = app.yap.YapIOS.Widgets;
				PRODUCT_NAME = AllAboardWidgets;
				SDKROOT = iphoneos;
				TARGETED_DEVICE_FAMILY = "1,2";
			};
			name = Debug;
		};
		A850F52A4061FC5F5DA4309F /* Debug */ = {
			isa = XCBuildConfiguration;
			buildSettings = {
				ASSETCATALOG_COMPILER_APPICON_NAME = AppIcon;
				CODE_SIGN_ENTITLEMENTS = AllAboardiOS/AllAboardiOS.entitlements;
				CODE_SIGN_IDENTITY = "iPhone Developer";
				CODE_SIGN_STYLE = Automatic;
				CURRENT_PROJECT_VERSION = 2;
				DEVELOPMENT_TEAM = T544U3WVL6;
				INFOPLIST_FILE = AllAboardiOS/Info.plist;
				IPHONEOS_DEPLOYMENT_TARGET = 17.0;
				LD_RUNPATH_SEARCH_PATHS = (
					"$(inherited)",
					"@executable_path/Frameworks",
				);
				MARKETING_VERSION = 1.0.0;
				PRODUCT_BUNDLE_IDENTIFIER = app.yap.YapIOS;
				PRODUCT_NAME = "All Aboard";
				SDKROOT = iphoneos;
				TARGETED_DEVICE_FAMILY = "1,2";
			};
			name = Debug;
		};
		CFD262E96B228879901F9CBD /* Release */ = {
			isa = XCBuildConfiguration;
			buildSettings = {
				CODE_SIGN_ENTITLEMENTS = AllAboardWidgets/AllAboardWidgets.entitlements;
				CODE_SIGN_STYLE = Automatic;
				CURRENT_PROJECT_VERSION = 2;
				DEVELOPMENT_TEAM = T544U3WVL6;
				INFOPLIST_FILE = AllAboardWidgets/Info.plist;
				IPHONEOS_DEPLOYMENT_TARGET = 17.0;
				LD_RUNPATH_SEARCH_PATHS = (
					"$(inherited)",
					"@executable_path/Frameworks",
					"@executable_path/../../Frameworks",
				);
				MARKETING_VERSION = 1.0.0;
				PRODUCT_BUNDLE_IDENTIFIER = app.yap.YapIOS.Widgets;
				PRODUCT_NAME = AllAboardWidgets;
				SDKROOT = iphoneos;
				TARGETED_DEVICE_FAMILY = "1,2";
			};
			name = Release;
		};
		E14B38F364DA2232EE66D8A8 /* Release */ = {
			isa = XCBuildConfiguration;
			buildSettings = {
				ASSETCATALOG_COMPILER_APPICON_NAME = AppIcon;
				CODE_SIGN_ENTITLEMENTS = AllAboardiOS/AllAboardiOS.entitlements;
				CODE_SIGN_IDENTITY = "iPhone Developer";
				CODE_SIGN_STYLE = Automatic;
				CURRENT_PROJECT_VERSION = 2;
				DEVELOPMENT_TEAM = T544U3WVL6;
				INFOPLIST_FILE = AllAboardiOS/Info.plist;
				IPHONEOS_DEPLOYMENT_TARGET = 17.0;
				LD_RUNPATH_SEARCH_PATHS = (
					"$(inherited)",
					"@executable_path/Frameworks",
				);
				MARKETING_VERSION = 1.0.0;
				PRODUCT_BUNDLE_IDENTIFIER = app.yap.YapIOS;
				PRODUCT_NAME = "All Aboard";
				SDKROOT = iphoneos;
				TARGETED_DEVICE_FAMILY = "1,2";
			};
			name = Release;
		};
/* End XCBuildConfiguration section */

/* Begin XCConfigurationList section */
		03E67A4907CC0730EE449029 /* Build configuration list for PBXNativeTarget "AllAboardWidgets" */ = {
			isa = XCConfigurationList;
			buildConfigurations = (
				71282BADB656D865161CB5A9 /* Debug */,
				CFD262E96B228879901F9CBD /* Release */,
			);
			defaultConfigurationIsVisible = 0;
			defaultConfigurationName = Debug;
		};
		44825AC6DA828E2F305B4E9F /* Build configuration list for PBXProject "All Aboard" */ = {
			isa = XCConfigurationList;
			buildConfigurations = (
				4ABCDF25527C17A72E367AC3 /* Debug */,
				0E3419C617DBEA9760E961FB /* Release */,
			);
			defaultConfigurationIsVisible = 0;
			defaultConfigurationName = Debug;
		};
		7BFDC528B57708FDA11E1A2C /* Build configuration list for PBXNativeTarget "All Aboard" */ = {
			isa = XCConfigurationList;
			buildConfigurations = (
				5B4146E5A63CE4D4EA405F1C /* Debug */,
				6AA321CECB708553A0E344D5 /* Release */,
			);
			defaultConfigurationIsVisible = 0;
			defaultConfigurationName = Debug;
		};
		D06A904FF64095413C64B5E3 /* Build configuration list for PBXNativeTarget "AllAboardiOS" */ = {
			isa = XCConfigurationList;
			buildConfigurations = (
				A850F52A4061FC5F5DA4309F /* Debug */,
				E14B38F364DA2232EE66D8A8 /* Release */,
			);
			defaultConfigurationIsVisible = 0;
			defaultConfigurationName = Debug;
		};
/* End XCConfigurationList section */

/* Begin XCRemoteSwiftPackageReference section */
		E154B729A4419B8C29FECDF2 /* XCRemoteSwiftPackageReference "Sparkle" */ = {
			isa = XCRemoteSwiftPackageReference;
			repositoryURL = "https://github.com/sparkle-project/Sparkle";
			requirement = {
				kind = upToNextMajorVersion;
				minimumVersion = 2.6.0;
			};
		};
/* End XCRemoteSwiftPackageReference section */

/* Begin XCSwiftPackageProductDependency section */
		206819DA78CC06F56D72F161 /* Sparkle */ = {
			isa = XCSwiftPackageProductDependency;
			package = E154B729A4419B8C29FECDF2 /* XCRemoteSwiftPackageReference "Sparkle" */;
			productName = Sparkle;
		};
/* End XCSwiftPackageProductDependency section */
	};
	rootObject = F30606EC524A07DA1255D9B6 /* Project object */;
}
